# This file is generated by running "yarn install" inside your project.
# Manual changes might be lost - proceed with caution!

__metadata:
  version: 6
  cacheKey: 8

"@redis/bloom@npm:1.2.0":
  version: 1.2.0
  resolution: "@redis/bloom@npm:1.2.0"
  peerDependencies:
    "@redis/client": ^1.0.0
  checksum: 8c214227287d6b278109098bca00afc601cf84f7da9c6c24f4fa7d3854b946170e5893aa86ed607ba017a4198231d570541c79931b98b6d50b262971022d1d6c
  languageName: node
  linkType: hard

"@redis/client@npm:1.5.13":
  version: 1.5.13
  resolution: "@redis/client@npm:1.5.13"
  dependencies:
    cluster-key-slot: 1.1.2
    generic-pool: 3.9.0
    yallist: 4.0.0
  checksum: d0ff78e8839141639c999f0e7f0507520a4a21609b57e0df30d0726dbdbdcc1dbbb15a0269ca6c04e353e4b9db186c8ab0534b47a8e5aa9453c0971541023c97
  languageName: node
  linkType: hard

"@redis/graph@npm:1.1.1":
  version: 1.1.1
  resolution: "@redis/graph@npm:1.1.1"
  peerDependencies:
    "@redis/client": ^1.0.0
  checksum: caf9b9a3ff82a08ae543c356a3fed548399ae79aba5ed08ce6cf1b522b955eb5cee4406b0ed0c6899345f8fbc06dfd6cd51304ae8422c3ebbc468f53294dc509
  languageName: node
  linkType: hard

"@redis/json@npm:1.0.6":
  version: 1.0.6
  resolution: "@redis/json@npm:1.0.6"
  peerDependencies:
    "@redis/client": ^1.0.0
  checksum: 9fda29abc339c72593f34a23f8023b715c1f8f3d73f7c59889af02f25589bac2ad57073ad08d0b8da42cd8c258665a7b38d39e761e92945cc27aca651c8a93a5
  languageName: node
  linkType: hard

"@redis/search@npm:1.1.6":
  version: 1.1.6
  resolution: "@redis/search@npm:1.1.6"
  peerDependencies:
    "@redis/client": ^1.0.0
  checksum: 0d87e6a9e40e62e46064ccfccca9a5ba7ce608890740415008acb1e83a02690edf37ac1ee878bcc0702d30a2eeba7776e7b467b71f87d8e7b278f38637161e16
  languageName: node
  linkType: hard

"@redis/time-series@npm:1.0.5":
  version: 1.0.5
  resolution: "@redis/time-series@npm:1.0.5"
  peerDependencies:
    "@redis/client": ^1.0.0
  checksum: 6bbdb0b793dcbd13518aa60a09a980f953554e4c745bfacc1611baa8098f360e0378e8ee6b7faf600a67f1de83f4b68bbec6f95a0740faee6164c14be3a30752
  languageName: node
  linkType: hard

"cluster-key-slot@npm:1.1.2":
  version: 1.1.2
  resolution: "cluster-key-slot@npm:1.1.2"
  checksum: be0ad2d262502adc998597e83f9ded1b80f827f0452127c5a37b22dfca36bab8edf393f7b25bb626006fb9fb2436106939ede6d2d6ecf4229b96a47f27edd681
  languageName: node
  linkType: hard

"generic-pool@npm:3.9.0":
  version: 3.9.0
  resolution: "generic-pool@npm:3.9.0"
  checksum: 3d89e9b2018d2e3bbf44fec78c76b2b7d56d6a484237aa9daf6ff6eedb14b0899dadd703b5d810219baab2eb28e5128fb18b29e91e602deb2eccac14492d8ca8
  languageName: node
  linkType: hard

"redis@npm:^4.6.12":
  version: 4.6.12
  resolution: "redis@npm:4.6.12"
  dependencies:
    "@redis/bloom": 1.2.0
    "@redis/client": 1.5.13
    "@redis/graph": 1.1.1
    "@redis/json": 1.0.6
    "@redis/search": 1.1.6
    "@redis/time-series": 1.0.5
  checksum: ae8e0a2c8f2f3a20bcaaee22eaaecab5a993ecf8121429d250da29a24e676f5727a94f59828e64babc2de4c326679664d3eaffc762c32761cf83e4248fa635c2
  languageName: node
  linkType: hard

"redis@workspace:.":
  version: 0.0.0-use.local
  resolution: "redis@workspace:."
  dependencies:
    redis: ^4.6.12
  languageName: unknown
  linkType: soft

"yallist@npm:4.0.0":
  version: 4.0.0
  resolution: "yallist@npm:4.0.0"
  checksum: 343617202af32df2a15a3be36a5a8c0c8545208f3d3dfbc6bb7c3e3b7e8c6f8e7485432e4f3b88da3031a6e20afa7c711eded32ddfb122896ac5d914e75848d5
  languageName: node
  linkType: hard
